
Microsoft Visual Studio Solution File, Format Version 12.00
Project("{FAE04EC0-301F-11D3-BF4B-00C04F79EFBC}") = "Algos-ue2", "Algos-ue2\Algos-ue2.csproj", "{22BD293A-5B0A-43E2-93F8-29AF61697E76}"
EndProject
Global
	GlobalSection(SolutionConfigurationPlatforms) = preSolution
		Debug|Any CPU = Debug|Any CPU
		Release|Any CPU = Release|Any CPU
	EndGlobalSection
	GlobalSection(ProjectConfigurationPlatforms) = postSolution
		{22BD293A-5B0A-43E2-93F8-29AF61697E76}.Debug|Any CPU.ActiveCfg = Debug|Any CPU
		{22BD293A-5B0A-43E2-93F8-29AF61697E76}.Debug|Any CPU.Build.0 = Debug|Any CPU
		{22BD293A-5B0A-43E2-93F8-29AF61697E76}.Release|Any CPU.ActiveCfg = Release|Any CPU
		{22BD293A-5B0A-43E2-93F8-29AF61697E76}.Release|Any CPU.Build.0 = Release|Any CPU
	EndGlobalSection
EndGlobal
